// !$*UTF8*$!
{
	archiveVersion = 1;
	classes = {
	};
	objectVersion = 56;
	objects = {

/* Begin PBXBuildFile section */
		E28FC96828E9999800628167 /* CoreDataTestApp.swift in Sources */ = {isa = PBXBuildFile; fileRef = E28FC96728E9999800628167 /* CoreDataTestApp.swift */; };
		E28FC96A28E9999800628167 /* ContentView.swift in Sources */ = {isa = PBXBuildFile; fileRef = E28FC96928E9999800628167 /* ContentView.swift */; };
		E28FC96C28E9999A00628167 /* Assets.xcassets in Resources */ = {isa = PBXBuildFile; fileRef = E28FC96B28E9999A00628167 /* Assets.xcassets */; };
		E28FC96F28E9999A00628167 /* Preview Assets.xcassets in Resources */ = {isa = PBXBuildFile; fileRef = E28FC96E28E9999A00628167 /* Preview Assets.xcassets */; };
		E28FC97728E99B3400628167 /* CoreDataTest.xcdatamodeld in Sources */ = {isa = PBXBuildFile; fileRef = E28FC97528E99B3400628167 /* CoreDataTest.xcdatamodeld */; };
		E28FC99728E9B52C00628167 /* WidgetKit.framework in Frameworks */ = {isa = PBXBuildFile; fileRef = E28FC97E28E9A12900628167 /* WidgetKit.framework */; };
		E28FC99828E9B52C00628167 /* SwiftUI.framework in Frameworks */ = {isa = PBXBuildFile; fileRef = E28FC98028E9A12900628167 /* SwiftUI.framework */; };
		E28FC99B28E9B52C00628167 /* CoreDataTestWidget.swift in Sources */ = {isa = PBXBuildFile; fileRef = E28FC99A28E9B52C00628167 /* CoreDataTestWidget.swift */; };
		E28FC99D28E9B52E00628167 /* Assets.xcassets in Resources */ = {isa = PBXBuildFile; fileRef = E28FC99C28E9B52E00628167 /* Assets.xcassets */; };
		E28FC9A128E9B52E00628167 /* CoreDataTestWidgetExtension.appex in Embed Foundation Extensions */ = {isa = PBXBuildFile; fileRef = E28FC99628E9B52C00628167 /* CoreDataTestWidgetExtension.appex */; settings = {ATTRIBUTES = (RemoveHeadersOnCopy, ); }; };
		E28FC9A628E9B5B400628167 /* CoreDataTest.xcdatamodeld in Sources */ = {isa = PBXBuildFile; fileRef = E28FC97528E99B3400628167 /* CoreDataTest.xcdatamodeld */; };
		E28FC9AA28E9B8DD00628167 /* DataController.swift in Sources */ = {isa = PBXBuildFile; fileRef = E28FC9A928E9B8DD00628167 /* DataController.swift */; };
		E28FC9AB28E9B91700628167 /* DataController.swift in Sources */ = {isa = PBXBuildFile; fileRef = E28FC9A928E9B8DD00628167 /* DataController.swift */; };
/* End PBXBuildFile section */

/* Begin PBXContainerItemProxy section */
		E28FC99F28E9B52E00628167 /* PBXContainerItemProxy */ = {
			isa = PBXContainerItemProxy;
			containerPortal = E28FC95C28E9999800628167 /* Project object */;
			proxyType = 1;
			remoteGlobalIDString = E28FC99528E9B52C00628167;
			remoteInfo = CoreDataTestWidgetExtension;
		};
/* End PBXContainerItemProxy section */

/* Begin PBXCopyFilesBuildPhase section */
		E28FC98E28E9A12C00628167 /* Embed Foundation Extensions */ = {
			isa = PBXCopyFilesBuildPhase;
			buildActionMask = 2147483647;
			dstPath = "";
			dstSubfolderSpec = 13;
			files = (
				E28FC9A128E9B52E00628167 /* CoreDataTestWidgetExtension.appex in Embed Foundation Extensions */,
			);
			name = "Embed Foundation Extensions";
			runOnlyForDeploymentPostprocessing = 0;
		};
/* End PBXCopyFilesBuildPhase section */

/* Begin PBXFileReference section */
		E28FC96428E9999800628167 /* CoreDataTest.app */ = {isa = PBXFileReference; explicitFileType = wrapper.application; includeInIndex = 0; path = CoreDataTest.app; sourceTree = BUILT_PRODUCTS_DIR; };
		E28FC96728E9999800628167 /* CoreDataTestApp.swift */ = {isa = PBXFileReference; lastKnownFileType = sourcecode.swift; path = CoreDataTestApp.swift; sourceTree = "<group>"; };
		E28FC96928E9999800628167 /* ContentView.swift */ = {isa = PBXFileReference; lastKnownFileType = sourcecode.swift; path = ContentView.swift; sourceTree = "<group>"; };
		E28FC96B28E9999A00628167 /* Assets.xcassets */ = {isa = PBXFileReference; lastKnownFileType = folder.assetcatalog; path = Assets.xcassets; sourceTree = "<group>"; };
		E28FC96E28E9999A00628167 /* Preview Assets.xcassets */ = {isa = PBXFileReference; lastKnownFileType = folder.assetcatalog; path = "Preview Assets.xcassets"; sourceTree = "<group>"; };
		E28FC97628E99B3400628167 /* CoreDataTest.xcdatamodel */ = {isa = PBXFileReference; lastKnownFileType = wrapper.xcdatamodel; path = CoreDataTest.xcdatamodel; sourceTree = "<group>"; };
		E28FC97E28E9A12900628167 /* WidgetKit.framework */ = {isa = PBXFileReference; lastKnownFileType = wrapper.framework; name = WidgetKit.framework; path = System/Library/Frameworks/WidgetKit.framework; sourceTree = SDKROOT; };
		E28FC98028E9A12900628167 /* SwiftUI.framework */ = {isa = PBXFileReference; lastKnownFileType = wrapper.framework; name = SwiftUI.framework; path = System/Library/Frameworks/SwiftUI.framework; sourceTree = SDKROOT; };
		E28FC99628E9B52C00628167 /* CoreDataTestWidgetExtension.appex */ = {isa = PBXFileReference; explicitFileType = "wrapper.app-extension"; includeInIndex = 0; path = CoreDataTestWidgetExtension.appex; sourceTree = BUILT_PRODUCTS_DIR; };
		E28FC99A28E9B52C00628167 /* CoreDataTestWidget.swift */ = {isa = PBXFileReference; lastKnownFileType = sourcecode.swift; path = CoreDataTestWidget.swift; sourceTree = "<group>"; };
		E28FC99C28E9B52E00628167 /* Assets.xcassets */ = {isa = PBXFileReference; lastKnownFileType = folder.assetcatalog; path = Assets.xcassets; sourceTree = "<group>"; };
		E28FC99E28E9B52E00628167 /* Info.plist */ = {isa = PBXFileReference; lastKnownFileType = text.plist.xml; path = Info.plist; sourceTree = "<group>"; };
		E28FC9A728E9B67F00628167 /* CoreDataTestWidgetExtension.entitlements */ = {isa = PBXFileReference; lastKnownFileType = text.plist.entitlements; path = CoreDataTestWidgetExtension.entitlements; sourceTree = "<group>"; };
		E28FC9A828E9B6C100628167 /* CoreDataTest.entitlements */ = {isa = PBXFileReference; lastKnownFileType = text.plist.entitlements; path = CoreDataTest.entitlements; sourceTree = "<group>"; };
		E28FC9A928E9B8DD00628167 /* DataController.swift */ = {isa = PBXFileReference; lastKnownFileType = sourcecode.swift; path = DataController.swift; sourceTree = "<group>"; };
/* End PBXFileReference section */

/* Begin PBXFrameworksBuildPhase section */
		E28FC96128E9999800628167 /* Frameworks */ = {
			isa = PBXFrameworksBuildPhase;
			buildActionMask = 2147483647;
			files = (
			);
			runOnlyForDeploymentPostprocessing = 0;
		};
		E28FC99328E9B52C00628167 /* Frameworks */ = {
			isa = PBXFrameworksBuildPhase;
			buildActionMask = 2147483647;
			files = (
				E28FC99828E9B52C00628167 /* SwiftUI.framework in Frameworks */,
				E28FC99728E9B52C00628167 /* WidgetKit.framework in Frameworks */,
			);
			runOnlyForDeploymentPostprocessing = 0;
		};
/* End PBXFrameworksBuildPhase section */

/* Begin PBXGroup section */
		E28FC95B28E9999800628167 = {
			isa = PBXGroup;
			children = (
				E28FC9A728E9B67F00628167 /* CoreDataTestWidgetExtension.entitlements */,
				E28FC9A528E9B5A100628167 /* Shared */,
				E28FC96628E9999800628167 /* CoreDataTest */,
				E28FC99928E9B52C00628167 /* CoreDataTestWidget */,
				E28FC97D28E9A12900628167 /* Frameworks */,
				E28FC96528E9999800628167 /* Products */,
			);
			sourceTree = "<group>";
		};
		E28FC96528E9999800628167 /* Products */ = {
			isa = PBXGroup;
			children = (
				E28FC96428E9999800628167 /* CoreDataTest.app */,
				E28FC99628E9B52C00628167 /* CoreDataTestWidgetExtension.appex */,
			);
			name = Products;
			sourceTree = "<group>";
		};
		E28FC96628E9999800628167 /* CoreDataTest */ = {
			isa = PBXGroup;
			children = (
				E28FC9A828E9B6C100628167 /* CoreDataTest.entitlements */,
				E28FC96728E9999800628167 /* CoreDataTestApp.swift */,
				E28FC96928E9999800628167 /* ContentView.swift */,
				E28FC96B28E9999A00628167 /* Assets.xcassets */,
				E28FC96D28E9999A00628167 /* Preview Content */,
			);
			path = CoreDataTest;
			sourceTree = "<group>";
		};
		E28FC96D28E9999A00628167 /* Preview Content */ = {
			isa = PBXGroup;
			children = (
				E28FC96E28E9999A00628167 /* Preview Assets.xcassets */,
			);
			path = "Preview Content";
			sourceTree = "<group>";
		};
		E28FC97D28E9A12900628167 /* Frameworks */ = {
			isa = PBXGroup;
			children = (
				E28FC97E28E9A12900628167 /* WidgetKit.framework */,
				E28FC98028E9A12900628167 /* SwiftUI.framework */,
			);
			name = Frameworks;
			sourceTree = "<group>";
		};
		E28FC99928E9B52C00628167 /* CoreDataTestWidget */ = {
			isa = PBXGroup;
			children = (
				E28FC99A28E9B52C00628167 /* CoreDataTestWidget.swift */,
				E28FC99C28E9B52E00628167 /* Assets.xcassets */,
				E28FC99E28E9B52E00628167 /* Info.plist */,
			);
			path = CoreDataTestWidget;
			sourceTree = "<group>";
		};
		E28FC9A528E9B5A100628167 /* Shared */ = {
			isa = PBXGroup;
			children = (
				E28FC97528E99B3400628167 /* CoreDataTest.xcdatamodeld */,
				E28FC9A928E9B8DD00628167 /* DataController.swift */,
			);
			path = Shared;
			sourceTree = "<group>";
		};
/* End PBXGroup section */

/* Begin PBXNativeTarget section */
		E28FC96328E9999800628167 /* CoreDataTest */ = {
			isa = PBXNativeTarget;
			buildConfigurationList = E28FC97228E9999A00628167 /* Build configuration list for PBXNativeTarget "CoreDataTest" */;
			buildPhases = (
				E28FC96028E9999800628167 /* Sources */,
				E28FC96128E9999800628167 /* Frameworks */,
				E28FC96228E9999800628167 /* Resources */,
				E28FC98E28E9A12C00628167 /* Embed Foundation Extensions */,
			);
			buildRules = (
			);
			dependencies = (
				E28FC9A028E9B52E00628167 /* PBXTargetDependency */,
			);
			name = CoreDataTest;
			productName = CoreDataTest;
			productReference = E28FC96428E9999800628167 /* CoreDataTest.app */;
			productType = "com.apple.product-type.application";
		};
		E28FC99528E9B52C00628167 /* CoreDataTestWidgetExtension */ = {
			isa = PBXNativeTarget;
			buildConfigurationList = E28FC9A228E9B52E00628167 /* Build configuration list for PBXNativeTarget "CoreDataTestWidgetExtension" */;
			buildPhases = (
				E28FC99228E9B52C00628167 /* Sources */,
				E28FC99328E9B52C00628167 /* Frameworks */,
				E28FC99428E9B52C00628167 /* Resources */,
			);
			buildRules = (
			);
			dependencies = (
			);
			name = CoreDataTestWidgetExtension;
			productName = CoreDataTestWidgetExtension;
			productReference = E28FC99628E9B52C00628167 /* CoreDataTestWidgetExtension.appex */;
			productType = "com.apple.product-type.app-extension";
		};
/* End PBXNativeTarget section */

/* Begin PBXProject section */
		E28FC95C28E9999800628167 /* Project object */ = {
			isa = PBXProject;
			attributes = {
				BuildIndependentTargetsInParallel = 1;
				LastSwiftUpdateCheck = 1400;
				LastUpgradeCheck = 1400;
				TargetAttributes = {
					E28FC96328E9999800628167 = {
						CreatedOnToolsVersion = 14.0;
					};
					E28FC99528E9B52C00628167 = {
						CreatedOnToolsVersion = 14.0;
					};
				};
			};
			buildConfigurationList = E28FC95F28E9999800628167 /* Build configuration list for PBXProject "CoreDataTest" */;
			compatibilityVersion = "Xcode 14.0";
			developmentRegion = en;
			hasScannedForEncodings = 0;
			knownRegions = (
				en,
				Base,
			);
			mainGroup = E28FC95B28E9999800628167;
			productRefGroup = E28FC96528E9999800628167 /* Products */;
			projectDirPath = "";
			projectRoot = "";
			targets = (
				E28FC96328E9999800628167 /* CoreDataTest */,
				E28FC99528E9B52C00628167 /* CoreDataTestWidgetExtension */,
			);
		};
/* End PBXProject section */

/* Begin PBXResourcesBuildPhase section */
		E28FC96228E9999800628167 /* Resources */ = {
			isa = PBXResourcesBuildPhase;
			buildActionMask = 2147483647;
			files = (
				E28FC96F28E9999A00628167 /* Preview Assets.xcassets in Resources */,
				E28FC96C28E9999A00628167 /* Assets.xcassets in Resources */,
			);
			runOnlyForDeploymentPostprocessing = 0;
		};
		E28FC99428E9B52C00628167 /* Resources */ = {
			isa = PBXResourcesBuildPhase;
			buildActionMask = 2147483647;
			files = (
				E28FC99D28E9B52E00628167 /* Assets.xcassets in Resources */,
			);
			runOnlyForDeploymentPostprocessing = 0;
		};
/* End PBXResourcesBuildPhase section */

/* Begin PBXSourcesBuildPhase section */
		E28FC96028E9999800628167 /* Sources */ = {
			isa = PBXSourcesBuildPhase;
			buildActionMask = 2147483647;
			files = (
				E28FC96A28E9999800628167 /* ContentView.swift in Sources */,
				E28FC9AA28E9B8DD00628167 /* DataController.swift in Sources */,
				E28FC97728E99B3400628167 /* CoreDataTest.xcdatamodeld in Sources */,
				E28FC96828E9999800628167 /* CoreDataTestApp.swift in Sources */,
			);
			runOnlyForDeploymentPostprocessing = 0;
		};
		E28FC99228E9B52C00628167 /* Sources */ = {
			isa = PBXSourcesBuildPhase;
			buildActionMask = 2147483647;
			files = (
				E28FC9A628E9B5B400628167 /* CoreDataTest.xcdatamodeld in Sources */,
				E28FC9AB28E9B91700628167 /* DataController.swift in Sources */,
				E28FC99B28E9B52C00628167 /* CoreDataTestWidget.swift in Sources */,
			);
			runOnlyForDeploymentPostprocessing = 0;
		};
/* End PBXSourcesBuildPhase section */

/* Begin PBXTargetDependency section */
		E28FC9A028E9B52E00628167 /* PBXTargetDependency */ = {
			isa = PBXTargetDependency;
			target = E28FC99528E9B52C00628167 /* CoreDataTestWidgetExtension */;
			targetProxy = E28FC99F28E9B52E00628167 /* PBXContainerItemProxy */;
		};
/* End PBXTargetDependency section */

/* Begin XCBuildConfiguration section */
		E28FC97028E9999A00628167 /* Debug */ = {
			isa = XCBuildConfiguration;
			buildSettings = {
				ALWAYS_SEARCH_USER_PATHS = NO;
				CLANG_ANALYZER_NONNULL = YES;
				CLANG_ANALYZER_NUMBER_OBJECT_CONVERSION = YES_AGGRESSIVE;
				CLANG_CXX_LANGUAGE_STANDARD = "gnu++20";
				CLANG_ENABLE_MODULES = YES;
				CLANG_ENABLE_OBJC_ARC = YES;
				CLANG_ENABLE_OBJC_WEAK = YES;
				CLANG_WARN_BLOCK_CAPTURE_AUTORELEASING = YES;
				CLANG_WARN_BOOL_CONVERSION = YES;
				CLANG_WARN_COMMA = YES;
				CLANG_WARN_CONSTANT_CONVERSION = YES;
				CLANG_WARN_DEPRECATED_OBJC_IMPLEMENTATIONS = YES;
				CLANG_WARN_DIRECT_OBJC_ISA_USAGE = YES_ERROR;
				CLANG_WARN_DOCUMENTATION_COMMENTS = YES;
				CLANG_WARN_EMPTY_BODY = YES;
				CLANG_WARN_ENUM_CONVERSION = YES;
				CLANG_WARN_INFINITE_RECURSION = YES;
				CLANG_WARN_INT_CONVERSION = YES;
				CLANG_WARN_NON_LITERAL_NULL_CONVERSION = YES;
				CLANG_WARN_OBJC_IMPLICIT_RETAIN_SELF = YES;
				CLANG_WARN_OBJC_LITERAL_CONVERSION = YES;
				CLANG_WARN_OBJC_ROOT_CLASS = YES_ERROR;
				CLANG_WARN_QUOTED_INCLUDE_IN_FRAMEWORK_HEADER = YES;
				CLANG_WARN_RANGE_LOOP_ANALYSIS = YES;
				CLANG_WARN_STRICT_PROTOTYPES = YES;
				CLANG_WARN_SUSPICIOUS_MOVE = YES;
				CLANG_WARN_UNGUARDED_AVAILABILITY = YES_AGGRESSIVE;
				CLANG_WARN_UNREACHABLE_CODE = YES;
				CLANG_WARN__DUPLICATE_METHOD_MATCH = YES;
				COPY_PHASE_STRIP = NO;
				DEBUG_INFORMATION_FORMAT = dwarf;
				ENABLE_STRICT_OBJC_MSGSEND = YES;
				ENABLE_TESTABILITY = YES;
				GCC_C_LANGUAGE_STANDARD = gnu11;
				GCC_DYNAMIC_NO_PIC = NO;
				GCC_NO_COMMON_BLOCKS = YES;
				GCC_OPTIMIZATION_LEVEL = 0;
				GCC_PREPROCESSOR_DEFINITIONS = (
					"DEBUG=1",
					"$(inherited)",
				);
				GCC_WARN_64_TO_32_BIT_CONVERSION = YES;
				GCC_WARN_ABOUT_RETURN_TYPE = YES_ERROR;
				GCC_WARN_UNDECLARED_SELECTOR = YES;
				GCC_WARN_UNINITIALIZED_AUTOS = YES_AGGRESSIVE;
				GCC_WARN_UNUSED_FUNCTION = YES;
				GCC_WARN_UNUSED_VARIABLE = YES;
				IPHONEOS_DEPLOYMENT_TARGET = 16.0;
				MTL_ENABLE_DEBUG_INFO = INCLUDE_SOURCE;
				MTL_FAST_MATH = YES;
				ONLY_ACTIVE_ARCH = YES;
				SDKROOT = iphoneos;
				SWIFT_ACTIVE_COMPILATION_CONDITIONS = DEBUG;
				SWIFT_OPTIMIZATION_LEVEL = "-Onone";
			};
			name = Debug;
		};
		E28FC97128E9999A00628167 /* Release */ = {
			isa = XCBuildConfiguration;
			buildSettings = {
				ALWAYS_SEARCH_USER_PATHS = NO;
				CLANG_ANALYZER_NONNULL = YES;
				CLANG_ANALYZER_NUMBER_OBJECT_CONVERSION = YES_AGGRESSIVE;
				CLANG_CXX_LANGUAGE_STANDARD = "gnu++20";
				CLANG_ENABLE_MODULES = YES;
				CLANG_ENABLE_OBJC_ARC = YES;
				CLANG_ENABLE_OBJC_WEAK = YES;
				CLANG_WARN_BLOCK_CAPTURE_AUTORELEASING = YES;
				CLANG_WARN_BOOL_CONVERSION = YES;
				CLANG_WARN_COMMA = YES;
				CLANG_WARN_CONSTANT_CONVERSION = YES;
				CLANG_WARN_DEPRECATED_OBJC_IMPLEMENTATIONS = YES;
				CLANG_WARN_DIRECT_OBJC_ISA_USAGE = YES_ERROR;
				CLANG_WARN_DOCUMENTATION_COMMENTS = YES;
				CLANG_WARN_EMPTY_BODY = YES;
				CLANG_WARN_ENUM_CONVERSION = YES;
				CLANG_WARN_INFINITE_RECURSION = YES;
				CLANG_WARN_INT_CONVERSION = YES;
				CLANG_WARN_NON_LITERAL_NULL_CONVERSION = YES;
				CLANG_WARN_OBJC_IMPLICIT_RETAIN_SELF = YES;
				CLANG_WARN_OBJC_LITERAL_CONVERSION = YES;
				CLANG_WARN_OBJC_ROOT_CLASS = YES_ERROR;
				CLANG_WARN_QUOTED_INCLUDE_IN_FRAMEWORK_HEADER = YES;
				CLANG_WARN_RANGE_LOOP_ANALYSIS = YES;
				CLANG_WARN_STRICT_PROTOTYPES = YES;
				CLANG_WARN_SUSPICIOUS_MOVE = YES;
				CLANG_WARN_UNGUARDED_AVAILABILITY = YES_AGGRESSIVE;
				CLANG_WARN_UNREACHABLE_CODE = YES;
				CLANG_WARN__DUPLICATE_METHOD_MATCH = YES;
				COPY_PHASE_STRIP = NO;
				DEBUG_INFORMATION_FORMAT = "dwarf-with-dsym";
				ENABLE_NS_ASSERTIONS = NO;
				ENABLE_STRICT_OBJC_MSGSEND = YES;
				GCC_C_LANGUAGE_STANDARD = gnu11;
				GCC_NO_COMMON_BLOCKS = YES;
				GCC_WARN_64_TO_32_BIT_CONVERSION = YES;
				GCC_WARN_ABOUT_RETURN_TYPE = YES_ERROR;
				GCC_WARN_UNDECLARED_SELECTOR = YES;
				GCC_WARN_UNINITIALIZED_AUTOS = YES_AGGRESSIVE;
				GCC_WARN_UNUSED_FUNCTION = YES;
				GCC_WARN_UNUSED_VARIABLE = YES;
				IPHONEOS_DEPLOYMENT_TARGET = 16.0;
				MTL_ENABLE_DEBUG_INFO = NO;
				MTL_FAST_MATH = YES;
				SDKROOT = iphoneos;
				SWIFT_COMPILATION_MODE = wholemodule;
				SWIFT_OPTIMIZATION_LEVEL = "-O";
				VALIDATE_PRODUCT = YES;
			};
			name = Release;
		};
		E28FC97328E9999A00628167 /* Debug */ = {
			isa = XCBuildConfiguration;
			buildSettings = {
				ALWAYS_EMBED_SWIFT_STANDARD_LIBRARIES = YES;
				ASSETCATALOG_COMPILER_APPICON_NAME = AppIcon;
				ASSETCATALOG_COMPILER_GLOBAL_ACCENT_COLOR_NAME = AccentColor;
				CODE_SIGN_ENTITLEMENTS = CoreDataTest/CoreDataTest.entitlements;
				CODE_SIGN_STYLE = Automatic;
				CURRENT_PROJECT_VERSION = 1;
				DEVELOPMENT_ASSET_PATHS = "\"CoreDataTest/Preview Content\"";
				DEVELOPMENT_TEAM = TW4MPRU9AN;
				ENABLE_PREVIEWS = YES;
				GENERATE_INFOPLIST_FILE = YES;
				INFOPLIST_KEY_UIApplicationSceneManifest_Generation = YES;
				INFOPLIST_KEY_UIApplicationSupportsIndirectInputEvents = YES;
				INFOPLIST_KEY_UILaunchScreen_Generation = YES;
				INFOPLIST_KEY_UISupportedInterfaceOrientations_iPad = "UIInterfaceOrientationPortrait UIInterfaceOrientationPortraitUpsideDown UIInterfaceOrientationLandscapeLeft UIInterfaceOrientationLandscapeRight";
				INFOPLIST_KEY_UISupportedInterfaceOrientations_iPhone = "UIInterfaceOrientationPortrait UIInterfaceOrientationLandscapeLeft UIInterfaceOrientationLandscapeRight";
				IPHONEOS_DEPLOYMENT_TARGET = 15.5;
				LD_RUNPATH_SEARCH_PATHS = (
					"$(inherited)",
					"@executable_path/Frameworks",
				);
				MARKETING_VERSION = 1.0;
				PRODUCT_BUNDLE_IDENTIFIER = com.mgua.coredatatest.CoreDataTest;
				PRODUCT_NAME = "$(TARGET_NAME)";
				SWIFT_EMIT_LOC_STRINGS = YES;
				SWIFT_VERSION = 5.0;
				TARGETED_DEVICE_FAMILY = "1,2";
			};
			name = Debug;
		};
		E28FC97428E9999A00628167 /* Release */ = {
			isa = XCBuildConfiguration;
			buildSettings = {
				ALWAYS_EMBED_SWIFT_STANDARD_LIBRARIES = YES;
				ASSETCATALOG_COMPILER_APPICON_NAME = AppIcon;
				ASSETCATALOG_COMPILER_GLOBAL_ACCENT_COLOR_NAME = AccentColor;
				CODE_SIGN_ENTITLEMENTS = CoreDataTest/CoreDataTest.entitlements;
				CODE_SIGN_STYLE = Automatic;
				CURRENT_PROJECT_VERSION = 1;
				DEVELOPMENT_ASSET_PATHS = "\"CoreDataTest/Preview Content\"";
				DEVELOPMENT_TEAM = TW4MPRU9AN;
				ENABLE_PREVIEWS = YES;
				GENERATE_INFOPLIST_FILE = YES;
				INFOPLIST_KEY_UIApplicationSceneManifest_Generation = YES;
				INFOPLIST_KEY_UIApplicationSupportsIndirectInputEvents = YES;
				INFOPLIST_KEY_UILaunchScreen_Generation = YES;
				INFOPLIST_KEY_UISupportedInterfaceOrientations_iPad = "UIInterfaceOrientationPortrait UIInterfaceOrientationPortraitUpsideDown UIInterfaceOrientationLandscapeLeft UIInterfaceOrientationLandscapeRight";
				INFOPLIST_KEY_UISupportedInterfaceOrientations_iPhone = "UIInterfaceOrientationPortrait UIInterfaceOrientationLandscapeLeft UIInterfaceOrientationLandscapeRight";
				IPHONEOS_DEPLOYMENT_TARGET = 15.5;
				LD_RUNPATH_SEARCH_PATHS = (
					"$(inherited)",
					"@executable_path/Frameworks",
				);
				MARKETING_VERSION = 1.0;
				PRODUCT_BUNDLE_IDENTIFIER = com.mgua.coredatatest.CoreDataTest;
				PRODUCT_NAME = "$(TARGET_NAME)";
				SWIFT_EMIT_LOC_STRINGS = YES;
				SWIFT_VERSION = 5.0;
				TARGETED_DEVICE_FAMILY = "1,2";
			};
			name = Release;
		};
		E28FC9A328E9B52E00628167 /* Debug */ = {
			isa = XCBuildConfiguration;
			buildSettings = {
				ASSETCATALOG_COMPILER_GLOBAL_ACCENT_COLOR_NAME = AccentColor;
				ASSETCATALOG_COMPILER_WIDGET_BACKGROUND_COLOR_NAME = WidgetBackground;
				CODE_SIGN_ENTITLEMENTS = CoreDataTestWidgetExtension.entitlements;
				CODE_SIGN_STYLE = Automatic;
				CURRENT_PROJECT_VERSION = 1;
				DEVELOPMENT_TEAM = TW4MPRU9AN;
				GENERATE_INFOPLIST_FILE = YES;
				INFOPLIST_FILE = CoreDataTestWidget/Info.plist;
				INFOPLIST_KEY_CFBundleDisplayName = CoreDataTestWidget;
				INFOPLIST_KEY_NSHumanReadableCopyright = "";
				LD_RUNPATH_SEARCH_PATHS = (
					"$(inherited)",
					"@executable_path/Frameworks",
					"@executable_path/../../Frameworks",
				);
				MARKETING_VERSION = 1.0;
				PRODUCT_BUNDLE_IDENTIFIER = com.mgua.coredatatest.CoreDataTest.CoreDataTestWidget;
				PRODUCT_NAME = "$(TARGET_NAME)";
				SKIP_INSTALL = YES;
				SWIFT_EMIT_LOC_STRINGS = YES;
				SWIFT_VERSION = 5.0;
				TARGETED_DEVICE_FAMILY = "1,2";
			};
			name = Debug;
		};
		E28FC9A428E9B52E00628167 /* Release */ = {
			isa = XCBuildConfiguration;
			buildSettings = {
				ASSETCATALOG_COMPILER_GLOBAL_ACCENT_COLOR_NAME = AccentColor;
				ASSETCATALOG_COMPILER_WIDGET_BACKGROUND_COLOR_NAME = WidgetBackground;
				CODE_SIGN_ENTITLEMENTS = CoreDataTestWidgetExtension.entitlements;
				CODE_SIGN_STYLE = Automatic;
				CURRENT_PROJECT_VERSION = 1;
				DEVELOPMENT_TEAM = TW4MPRU9AN;
				GENERATE_INFOPLIST_FILE = YES;
				INFOPLIST_FILE = CoreDataTestWidget/Info.plist;
				INFOPLIST_KEY_CFBundleDisplayName = CoreDataTestWidget;
				INFOPLIST_KEY_NSHumanReadableCopyright = "";
				LD_RUNPATH_SEARCH_PATHS = (
					"$(inherited)",
					"@executable_path/Frameworks",
					"@executable_path/../../Frameworks",
				);
				MARKETING_VERSION = 1.0;
				PRODUCT_BUNDLE_IDENTIFIER = com.mgua.coredatatest.CoreDataTest.CoreDataTestWidget;
				PRODUCT_NAME = "$(TARGET_NAME)";
				SKIP_INSTALL = YES;
				SWIFT_EMIT_LOC_STRINGS = YES;
				SWIFT_VERSION = 5.0;
				TARGETED_DEVICE_FAMILY = "1,2";
			};
			name = Release;
		};
/* End XCBuildConfiguration section */

/* Begin XCConfigurationList section */
		E28FC95F28E9999800628167 /* Build configuration list for PBXProject "CoreDataTest" */ = {
			isa = XCConfigurationList;
			buildConfigurations = (
				E28FC97028E9999A00628167 /* Debug */,
				E28FC97128E9999A00628167 /* Release */,
			);
			defaultConfigurationIsVisible = 0;
			defaultConfigurationName = Release;
		};
		E28FC97228E9999A00628167 /* Build configuration list for PBXNativeTarget "CoreDataTest" */ = {
			isa = XCConfigurationList;
			buildConfigurations = (
				E28FC97328E9999A00628167 /* Debug */,
				E28FC97428E9999A00628167 /* Release */,
			);
			defaultConfigurationIsVisible = 0;
			defaultConfigurationName = Release;
		};
		E28FC9A228E9B52E00628167 /* Build configuration list for PBXNativeTarget "CoreDataTestWidgetExtension" */ = {
			isa = XCConfigurationList;
			buildConfigurations = (
				E28FC9A328E9B52E00628167 /* Debug */,
				E28FC9A428E9B52E00628167 /* Release */,
			);
			defaultConfigurationIsVisible = 0;
			defaultConfigurationName = Release;
		};
/* End XCConfigurationList section */

/* Begin XCVersionGroup section */
		E28FC97528E99B3400628167 /* CoreDataTest.xcdatamodeld */ = {
			isa = XCVersionGroup;
			children = (
				E28FC97628E99B3400628167 /* CoreDataTest.xcdatamodel */,
			);
			currentVersion = E28FC97628E99B3400628167 /* CoreDataTest.xcdatamodel */;
			path = CoreDataTest.xcdatamodeld;
			sourceTree = "<group>";
			versionGroupType = wrapper.xcdatamodel;
		};
/* End XCVersionGroup section */
	};
	rootObject = E28FC95C28E9999800628167 /* Project object */;
}
